{
  "originHash" : "2a6235526b3f03cdcbee50499896f688e479c4cd9277954d04362ccd20cd3a1f",
  "pins" : [
    {
      "identity" : "wwcropviewcontroller",
      "kind" : "remoteSourceControl",
      "location" : "https://github.com/William-Weng/WWCropViewController",
      "state" : {
        "revision" : "7c5463688122dd96dca3848fa751e6b6307bea3a",
        "version" : "2.0.1"
      }
    }
  ],
  "version" : 3
}
