{
  "originHash" : "2a6235526b3f03cdcbee50499896f688e479c4cd9277954d04362ccd20cd3a1f",
  "pins" : [
    {
      "identity" : "wwcropviewcontroller",
      "kind" : "remoteSourceControl",
      "location" : "https://github.com/William-Weng/WWCropViewController",
      "state" : {
        "revision" : "ad6f782a9ded06bffc956b5a4a55aec0093b11c5",
        "version" : "2.0.2"
      }
    }
  ],
  "version" : 3
}
